
Microsoft Visual Studio Solution File, Format Version 12.00
# Visual Studio Version 17
VisualStudioVersion = 17.11.35327.3
MinimumVisualStudioVersion = 10.0.40219.1
Project("{9A19103F-16F7-4668-BE54-9A1E7A4F7556}") = "PatteDoie", "PatteDoie\PatteDoie.csproj", "{45FE8FEC-D01E-431E-84BF-B47624592C1B}"
EndProject
Project("{E53339B2-1760-4266-BCC7-CA923CBCF16C}") = "docker-compose", "docker-compose.dcproj", "{720C4E9B-A34B-436B-9952-9CC25476F818}"
EndProject
Project("{E53339B2-1760-4266-BCC7-CA923CBCF16C}") = "migration", "Migrations\migration.dcproj", "{32295A6E-F2F3-48A7-98C0-015CF83F73B9}"
EndProject
Global
	GlobalSection(SolutionConfigurationPlatforms) = preSolution
		Debug|Any CPU = Debug|Any CPU
		Release|Any CPU = Release|Any CPU
	EndGlobalSection
	GlobalSection(ProjectConfigurationPlatforms) = postSolution
		{45FE8FEC-D01E-431E-84BF-B47624592C1B}.Debug|Any CPU.ActiveCfg = Debug|Any CPU
		{45FE8FEC-D01E-431E-84BF-B47624592C1B}.Debug|Any CPU.Build.0 = Debug|Any CPU
		{45FE8FEC-D01E-431E-84BF-B47624592C1B}.Release|Any CPU.ActiveCfg = Release|Any CPU
		{45FE8FEC-D01E-431E-84BF-B47624592C1B}.Release|Any CPU.Build.0 = Release|Any CPU
		{720C4E9B-A34B-436B-9952-9CC25476F818}.Debug|Any CPU.ActiveCfg = Debug|Any CPU
		{720C4E9B-A34B-436B-9952-9CC25476F818}.Debug|Any CPU.Build.0 = Debug|Any CPU
		{720C4E9B-A34B-436B-9952-9CC25476F818}.Release|Any CPU.ActiveCfg = Release|Any CPU
		{720C4E9B-A34B-436B-9952-9CC25476F818}.Release|Any CPU.Build.0 = Release|Any CPU
		{32295A6E-F2F3-48A7-98C0-015CF83F73B9}.Debug|Any CPU.ActiveCfg = Debug|Any CPU
		{32295A6E-F2F3-48A7-98C0-015CF83F73B9}.Debug|Any CPU.Build.0 = Debug|Any CPU
		{32295A6E-F2F3-48A7-98C0-015CF83F73B9}.Release|Any CPU.ActiveCfg = Release|Any CPU
		{32295A6E-F2F3-48A7-98C0-015CF83F73B9}.Release|Any CPU.Build.0 = Release|Any CPU
	EndGlobalSection
	GlobalSection(SolutionProperties) = preSolution
		HideSolutionNode = FALSE
	EndGlobalSection
	GlobalSection(ExtensibilityGlobals) = postSolution
		SolutionGuid = {3C0E5DBD-F547-4FCB-94DE-9588A45EB9D5}
	EndGlobalSection
EndGlobal
